
Microsoft Visual Studio Solution File, Format Version 12.00
# Visual Studio 15
VisualStudioVersion = 15.0.26730.12
MinimumVisualStudioVersion = 10.0.40219.1
Project("{FAE04EC0-301F-11D3-BF4B-00C04F79EFBC}") = "AssociativeArray", "AssociativeArray\AssociativeArray.csproj", "{A250DE78-525E-4469-A224-D52D9193474E}"
EndProject
Global
	GlobalSection(SolutionConfigurationPlatforms) = preSolution
		Debug|Any CPU = Debug|Any CPU
		Release|Any CPU = Release|Any CPU
	EndGlobalSection
	GlobalSection(ProjectConfigurationPlatforms) = postSolution
		{A250DE78-525E-4469-A224-D52D9193474E}.Debug|Any CPU.ActiveCfg = Debug|Any CPU
		{A250DE78-525E-4469-A224-D52D9193474E}.Debug|Any CPU.Build.0 = Debug|Any CPU
		{A250DE78-525E-4469-A224-D52D9193474E}.Release|Any CPU.ActiveCfg = Release|Any CPU
		{A250DE78-525E-4469-A224-D52D9193474E}.Release|Any CPU.Build.0 = Release|Any CPU
	EndGlobalSection
	GlobalSection(SolutionProperties) = preSolution
		HideSolutionNode = FALSE
	EndGlobalSection
	GlobalSection(ExtensibilityGlobals) = postSolution
		SolutionGuid = {0DAE1461-C795-4E07-95AE-4236B80D64D8}
	EndGlobalSection
EndGlobal
