
Microsoft Visual Studio Solution File, Format Version 12.00
# Visual Studio 15
VisualStudioVersion = 15.0.26730.12
MinimumVisualStudioVersion = 10.0.40219.1
Project("{FAE04EC0-301F-11D3-BF4B-00C04F79EFBC}") = "reverse-string", "reverse-string\reverse-string.csproj", "{A1F69D70-EA63-48DA-8590-4A25E2DC6FB9}"
EndProject
Global
	GlobalSection(SolutionConfigurationPlatforms) = preSolution
		Debug|Any CPU = Debug|Any CPU
		Release|Any CPU = Release|Any CPU
	EndGlobalSection
	GlobalSection(ProjectConfigurationPlatforms) = postSolution
		{A1F69D70-EA63-48DA-8590-4A25E2DC6FB9}.Debug|Any CPU.ActiveCfg = Debug|Any CPU
		{A1F69D70-EA63-48DA-8590-4A25E2DC6FB9}.Debug|Any CPU.Build.0 = Debug|Any CPU
		{A1F69D70-EA63-48DA-8590-4A25E2DC6FB9}.Release|Any CPU.ActiveCfg = Release|Any CPU
		{A1F69D70-EA63-48DA-8590-4A25E2DC6FB9}.Release|Any CPU.Build.0 = Release|Any CPU
	EndGlobalSection
	GlobalSection(SolutionProperties) = preSolution
		HideSolutionNode = FALSE
	EndGlobalSection
	GlobalSection(ExtensibilityGlobals) = postSolution
		SolutionGuid = {9B38F3BE-95DA-423D-B4B9-390B95291B3F}
	EndGlobalSection
EndGlobal
