
Microsoft Visual Studio Solution File, Format Version 12.00
# Visual Studio 15
VisualStudioVersion = 15.0.26730.12
MinimumVisualStudioVersion = 10.0.40219.1
Project("{FAE04EC0-301F-11D3-BF4B-00C04F79EFBC}") = "SelfBuildingTreeGame", "SelfBuildingTreeGame\SelfBuildingTreeGame.csproj", "{65D48C9D-5588-47B2-B7B5-92C3B6A7C895}"
EndProject
Global
	GlobalSection(SolutionConfigurationPlatforms) = preSolution
		Debug|Any CPU = Debug|Any CPU
		Release|Any CPU = Release|Any CPU
	EndGlobalSection
	GlobalSection(ProjectConfigurationPlatforms) = postSolution
		{65D48C9D-5588-47B2-B7B5-92C3B6A7C895}.Debug|Any CPU.ActiveCfg = Debug|Any CPU
		{65D48C9D-5588-47B2-B7B5-92C3B6A7C895}.Debug|Any CPU.Build.0 = Debug|Any CPU
		{65D48C9D-5588-47B2-B7B5-92C3B6A7C895}.Release|Any CPU.ActiveCfg = Release|Any CPU
		{65D48C9D-5588-47B2-B7B5-92C3B6A7C895}.Release|Any CPU.Build.0 = Release|Any CPU
	EndGlobalSection
	GlobalSection(SolutionProperties) = preSolution
		HideSolutionNode = FALSE
	EndGlobalSection
	GlobalSection(ExtensibilityGlobals) = postSolution
		SolutionGuid = {B9C6CEE3-0379-476F-8803-1F339CB7110F}
	EndGlobalSection
EndGlobal
