
Microsoft Visual Studio Solution File, Format Version 12.00
# Visual Studio 15
VisualStudioVersion = 15.0.26730.12
MinimumVisualStudioVersion = 10.0.40219.1
Project("{FAE04EC0-301F-11D3-BF4B-00C04F79EFBC}") = "StacksAndQueues", "StacksAndQueues\StacksAndQueues.csproj", "{795A858B-7D29-4176-AAF1-F8AD7FB63EA3}"
EndProject
Global
	GlobalSection(SolutionConfigurationPlatforms) = preSolution
		Debug|Any CPU = Debug|Any CPU
		Release|Any CPU = Release|Any CPU
	EndGlobalSection
	GlobalSection(ProjectConfigurationPlatforms) = postSolution
		{795A858B-7D29-4176-AAF1-F8AD7FB63EA3}.Debug|Any CPU.ActiveCfg = Debug|Any CPU
		{795A858B-7D29-4176-AAF1-F8AD7FB63EA3}.Debug|Any CPU.Build.0 = Debug|Any CPU
		{795A858B-7D29-4176-AAF1-F8AD7FB63EA3}.Release|Any CPU.ActiveCfg = Release|Any CPU
		{795A858B-7D29-4176-AAF1-F8AD7FB63EA3}.Release|Any CPU.Build.0 = Release|Any CPU
	EndGlobalSection
	GlobalSection(SolutionProperties) = preSolution
		HideSolutionNode = FALSE
	EndGlobalSection
	GlobalSection(ExtensibilityGlobals) = postSolution
		SolutionGuid = {40DB1623-A2BB-4A62-A597-65B39A254A0B}
	EndGlobalSection
EndGlobal
