
Microsoft Visual Studio Solution File, Format Version 12.00
# Visual Studio 15
VisualStudioVersion = 15.0.26730.12
MinimumVisualStudioVersion = 10.0.40219.1
Project("{FAE04EC0-301F-11D3-BF4B-00C04F79EFBC}") = "TowersOfHanoi", "TowersOfHanoi\TowersOfHanoi.csproj", "{14627256-C96A-410C-980A-54C997F6AC65}"
EndProject
Global
	GlobalSection(SolutionConfigurationPlatforms) = preSolution
		Debug|Any CPU = Debug|Any CPU
		Release|Any CPU = Release|Any CPU
	EndGlobalSection
	GlobalSection(ProjectConfigurationPlatforms) = postSolution
		{14627256-C96A-410C-980A-54C997F6AC65}.Debug|Any CPU.ActiveCfg = Debug|Any CPU
		{14627256-C96A-410C-980A-54C997F6AC65}.Debug|Any CPU.Build.0 = Debug|Any CPU
		{14627256-C96A-410C-980A-54C997F6AC65}.Release|Any CPU.ActiveCfg = Release|Any CPU
		{14627256-C96A-410C-980A-54C997F6AC65}.Release|Any CPU.Build.0 = Release|Any CPU
	EndGlobalSection
	GlobalSection(SolutionProperties) = preSolution
		HideSolutionNode = FALSE
	EndGlobalSection
	GlobalSection(ExtensibilityGlobals) = postSolution
		SolutionGuid = {5706F5B2-8560-4854-A046-F756761A8C8F}
	EndGlobalSection
EndGlobal
